# This file is automatically @generated by Cargo.
# It is not intended for manual editing.
version = 4

[[package]]
name = "hyperscale-vm-harness"
version = "0.1.0"
dependencies = [
 "hyperscale-vm-ref",
 "hyperscale-vm-runtime",
]

[[package]]
name = "hyperscale-vm-ref"
version = "0.1.0"

[[package]]
name = "hyperscale-vm-runtime"
version = "0.1.0"
